// !$*UTF8*$!
{
	archiveVersion = 1;
	classes = {
	};
	objectVersion = 48;
	objects = {

/* Begin PBXBuildFile section */
		F0118DF82060A86F000C199C /* AppDelegate.swift in Sources */ = {isa = PBXBuildFile; fileRef = F0118DF72060A86F000C199C /* AppDelegate.swift */; };
		F0118DFA2060A86F000C199C /* ViewController.swift in Sources */ = {isa = PBXBuildFile; fileRef = F0118DF92060A86F000C199C /* ViewController.swift */; };
		F0118DFD2060A86F000C199C /* Main.storyboard in Resources */ = {isa = PBXBuildFile; fileRef = F0118DFB2060A86F000C199C /* Main.storyboard */; };
		F0118DFF2060A86F000C199C /* Assets.xcassets in Resources */ = {isa = PBXBuildFile; fileRef = F0118DFE2060A86F000C199C /* Assets.xcassets */; };
		F0118E022060A86F000C199C /* LaunchScreen.storyboard in Resources */ = {isa = PBXBuildFile; fileRef = F0118E002060A86F000C199C /* LaunchScreen.storyboard */; };
		F0118E0A2060ADD3000C199C /* MapForItinerary.swift in Sources */ = {isa = PBXBuildFile; fileRef = F0118E092060ADD3000C199C /* MapForItinerary.swift */; };
/* End PBXBuildFile section */

/* Begin PBXFileReference section */
		F0118DF42060A86F000C199C /* GitUseExample.app */ = {isa = PBXFileReference; explicitFileType = wrapper.application; includeInIndex = 0; path = GitUseExample.app; sourceTree = BUILT_PRODUCTS_DIR; };
		F0118DF72060A86F000C199C /* AppDelegate.swift */ = {isa = PBXFileReference; lastKnownFileType = sourcecode.swift; path = AppDelegate.swift; sourceTree = "<group>"; };
		F0118DF92060A86F000C199C /* ViewController.swift */ = {isa = PBXFileReference; lastKnownFileType = sourcecode.swift; path = ViewController.swift; sourceTree = "<group>"; };
		F0118DFC2060A86F000C199C /* Base */ = {isa = PBXFileReference; lastKnownFileType = file.storyboard; name = Base; path = Base.lproj/Main.storyboard; sourceTree = "<group>"; };
		F0118DFE2060A86F000C199C /* Assets.xcassets */ = {isa = PBXFileReference; lastKnownFileType = folder.assetcatalog; path = Assets.xcassets; sourceTree = "<group>"; };
		F0118E012060A86F000C199C /* Base */ = {isa = PBXFileReference; lastKnownFileType = file.storyboard; name = Base; path = Base.lproj/LaunchScreen.storyboard; sourceTree = "<group>"; };
		F0118E032060A86F000C199C /* Info.plist */ = {isa = PBXFileReference; lastKnownFileType = text.plist.xml; path = Info.plist; sourceTree = "<group>"; };
		F0118E092060ADD3000C199C /* MapForItinerary.swift */ = {isa = PBXFileReference; lastKnownFileType = sourcecode.swift; path = MapForItinerary.swift; sourceTree = "<group>"; };
/* End PBXFileReference section */

/* Begin PBXFrameworksBuildPhase section */
		F0118DF12060A86F000C199C /* Frameworks */ = {
			isa = PBXFrameworksBuildPhase;
			buildActionMask = 2147483647;
			files = (
			);
			runOnlyForDeploymentPostprocessing = 0;
		};
/* End PBXFrameworksBuildPhase section */

/* Begin PBXGroup section */
		F0118DEB2060A86F000C199C = {
			isa = PBXGroup;
			children = (
				F0118DF62060A86F000C199C /* GitUseExample */,
				F0118DF52060A86F000C199C /* Products */,
			);
			sourceTree = "<group>";
		};
		F0118DF52060A86F000C199C /* Products */ = {
			isa = PBXGroup;
			children = (
				F0118DF42060A86F000C199C /* GitUseExample.app */,
			);
			name = Products;
			sourceTree = "<group>";
		};
		F0118DF62060A86F000C199C /* GitUseExample */ = {
			isa = PBXGroup;
			children = (
				F0118DF72060A86F000C199C /* AppDelegate.swift */,
				F0118DF92060A86F000C199C /* ViewController.swift */,
				F0118E092060ADD3000C199C /* MapForItinerary.swift */,
				F0118DFB2060A86F000C199C /* Main.storyboard */,
				F0118DFE2060A86F000C199C /* Assets.xcassets */,
				F0118E002060A86F000C199C /* LaunchScreen.storyboard */,
				F0118E032060A86F000C199C /* Info.plist */,
			);
			path = GitUseExample;
			sourceTree = "<group>";
		};
/* End PBXGroup section */

/* Begin PBXNativeTarget section */
		F0118DF32060A86F000C199C /* GitUseExample */ = {
			isa = PBXNativeTarget;
			buildConfigurationList = F0118E062060A86F000C199C /* Build configuration list for PBXNativeTarget "GitUseExample" */;
			buildPhases = (
				F0118DF02060A86F000C199C /* Sources */,
				F0118DF12060A86F000C199C /* Frameworks */,
				F0118DF22060A86F000C199C /* Resources */,
			);
			buildRules = (
			);
			dependencies = (
			);
			name = GitUseExample;
			productName = GitUseExample;
			productReference = F0118DF42060A86F000C199C /* GitUseExample.app */;
			productType = "com.apple.product-type.application";
		};
/* End PBXNativeTarget section */

/* Begin PBXProject section */
		F0118DEC2060A86F000C199C /* Project object */ = {
			isa = PBXProject;
			attributes = {
				LastSwiftUpdateCheck = 0920;
				LastUpgradeCheck = 0920;
				ORGANIZATIONNAME = "Darricke Rayl";
				TargetAttributes = {
					F0118DF32060A86F000C199C = {
						CreatedOnToolsVersion = 9.2;
						ProvisioningStyle = Automatic;
					};
				};
			};
			buildConfigurationList = F0118DEF2060A86F000C199C /* Build configuration list for PBXProject "GitUseExample" */;
			compatibilityVersion = "Xcode 8.0";
			developmentRegion = en;
			hasScannedForEncodings = 0;
			knownRegions = (
				en,
				Base,
			);
			mainGroup = F0118DEB2060A86F000C199C;
			productRefGroup = F0118DF52060A86F000C199C /* Products */;
			projectDirPath = "";
			projectRoot = "";
			targets = (
				F0118DF32060A86F000C199C /* GitUseExample */,
			);
		};
/* End PBXProject section */

/* Begin PBXResourcesBuildPhase section */
		F0118DF22060A86F000C199C /* Resources */ = {
			isa = PBXResourcesBuildPhase;
			buildActionMask = 2147483647;
			files = (
				F0118E022060A86F000C199C /* LaunchScreen.storyboard in Resources */,
				F0118DFF2060A86F000C199C /* Assets.xcassets in Resources */,
				F0118DFD2060A86F000C199C /* Main.storyboard in Resources */,
			);
			runOnlyForDeploymentPostprocessing = 0;
		};
/* End PBXResourcesBuildPhase section */

/* Begin PBXSourcesBuildPhase section */
		F0118DF02060A86F000C199C /* Sources */ = {
			isa = PBXSourcesBuildPhase;
			buildActionMask = 2147483647;
			files = (
				F0118DFA2060A86F000C199C /* ViewController.swift in Sources */,
				F0118DF82060A86F000C199C /* AppDelegate.swift in Sources */,
				F0118E0A2060ADD3000C199C /* MapForItinerary.swift in Sources */,
			);
			runOnlyForDeploymentPostprocessing = 0;
		};
/* End PBXSourcesBuildPhase section */

/* Begin PBXVariantGroup section */
		F0118DFB2060A86F000C199C /* Main.storyboard */ = {
			isa = PBXVariantGroup;
			children = (
				F0118DFC2060A86F000C199C /* Base */,
			);
			name = Main.storyboard;
			sourceTree = "<group>";
		};
		F0118E002060A86F000C199C /* LaunchScreen.storyboard */ = {
			isa = PBXVariantGroup;
			children = (
				F0118E012060A86F000C199C /* Base */,
			);
			name = LaunchScreen.storyboard;
			sourceTree = "<group>";
		};
/* End PBXVariantGroup section */

/* Begin XCBuildConfiguration section */
		F0118E042060A86F000C199C /* Debug */ = {
			isa = XCBuildConfiguration;
			buildSettings = {
				ALWAYS_SEARCH_USER_PATHS = NO;
				CLANG_ANALYZER_NONNULL = YES;
				CLANG_ANALYZER_NUMBER_OBJECT_CONVERSION = YES_AGGRESSIVE;
				CLANG_CXX_LANGUAGE_STANDARD = "gnu++14";
				CLANG_CXX_LIBRARY = "libc++";
				CLANG_ENABLE_MODULES = YES;
				CLANG_ENABLE_OBJC_ARC = YES;
				CLANG_WARN_BLOCK_CAPTURE_AUTORELEASING = YES;
				CLANG_WARN_BOOL_CONVERSION = YES;
				CLANG_WARN_COMMA = YES;
				CLANG_WARN_CONSTANT_CONVERSION = YES;
				CLANG_WARN_DIRECT_OBJC_ISA_USAGE = YES_ERROR;
				CLANG_WARN_DOCUMENTATION_COMMENTS = YES;
				CLANG_WARN_EMPTY_BODY = YES;
				CLANG_WARN_ENUM_CONVERSION = YES;
				CLANG_WARN_INFINITE_RECURSION = YES;
				CLANG_WARN_INT_CONVERSION = YES;
				CLANG_WARN_NON_LITERAL_NULL_CONVERSION = YES;
				CLANG_WARN_OBJC_LITERAL_CONVERSION = YES;
				CLANG_WARN_OBJC_ROOT_CLASS = YES_ERROR;
				CLANG_WARN_RANGE_LOOP_ANALYSIS = YES;
				CLANG_WARN_STRICT_PROTOTYPES = YES;
				CLANG_WARN_SUSPICIOUS_MOVE = YES;
				CLANG_WARN_UNGUARDED_AVAILABILITY = YES_AGGRESSIVE;
				CLANG_WARN_UNREACHABLE_CODE = YES;
				CLANG_WARN__DUPLICATE_METHOD_MATCH = YES;
				CODE_SIGN_IDENTITY = "iPhone Developer";
				COPY_PHASE_STRIP = NO;
				DEBUG_INFORMATION_FORMAT = dwarf;
				ENABLE_STRICT_OBJC_MSGSEND = YES;
				ENABLE_TESTABILITY = YES;
				GCC_C_LANGUAGE_STANDARD = gnu11;
				GCC_DYNAMIC_NO_PIC = NO;
				GCC_NO_COMMON_BLOCKS = YES;
				GCC_OPTIMIZATION_LEVEL = 0;
				GCC_PREPROCESSOR_DEFINITIONS = (
					"DEBUG=1",
					"$(inherited)",
				);
				GCC_WARN_64_TO_32_BIT_CONVERSION = YES;
				GCC_WARN_ABOUT_RETURN_TYPE = YES_ERROR;
				GCC_WARN_UNDECLARED_SELECTOR = YES;
				GCC_WARN_UNINITIALIZED_AUTOS = YES_AGGRESSIVE;
				GCC_WARN_UNUSED_FUNCTION = YES;
				GCC_WARN_UNUSED_VARIABLE = YES;
				IPHONEOS_DEPLOYMENT_TARGET = 11.2;
				MTL_ENABLE_DEBUG_INFO = YES;
				ONLY_ACTIVE_ARCH = YES;
				SDKROOT = iphoneos;
				SWIFT_ACTIVE_COMPILATION_CONDITIONS = DEBUG;
				SWIFT_OPTIMIZATION_LEVEL = "-Onone";
			};
			name = Debug;
		};
		F0118E052060A86F000C199C /* Release */ = {
			isa = XCBuildConfiguration;
			buildSettings = {
				ALWAYS_SEARCH_USER_PATHS = NO;
				CLANG_ANALYZER_NONNULL = YES;
				CLANG_ANALYZER_NUMBER_OBJECT_CONVERSION = YES_AGGRESSIVE;
				CLANG_CXX_LANGUAGE_STANDARD = "gnu++14";
				CLANG_CXX_LIBRARY = "libc++";
				CLANG_ENABLE_MODULES = YES;
				CLANG_ENABLE_OBJC_ARC = YES;
				CLANG_WARN_BLOCK_CAPTURE_AUTORELEASING = YES;
				CLANG_WARN_BOOL_CONVERSION = YES;
				CLANG_WARN_COMMA = YES;
				CLANG_WARN_CONSTANT_CONVERSION = YES;
				CLANG_WARN_DIRECT_OBJC_ISA_USAGE = YES_ERROR;
				CLANG_WARN_DOCUMENTATION_COMMENTS = YES;
				CLANG_WARN_EMPTY_BODY = YES;
				CLANG_WARN_ENUM_CONVERSION = YES;
				CLANG_WARN_INFINITE_RECURSION = YES;
				CLANG_WARN_INT_CONVERSION = YES;
				CLANG_WARN_NON_LITERAL_NULL_CONVERSION = YES;
				CLANG_WARN_OBJC_LITERAL_CONVERSION = YES;
				CLANG_WARN_OBJC_ROOT_CLASS = YES_ERROR;
				CLANG_WARN_RANGE_LOOP_ANALYSIS = YES;
				CLANG_WARN_STRICT_PROTOTYPES = YES;
				CLANG_WARN_SUSPICIOUS_MOVE = YES;
				CLANG_WARN_UNGUARDED_AVAILABILITY = YES_AGGRESSIVE;
				CLANG_WARN_UNREACHABLE_CODE = YES;
				CLANG_WARN__DUPLICATE_METHOD_MATCH = YES;
				CODE_SIGN_IDENTITY = "iPhone Developer";
				COPY_PHASE_STRIP = NO;
				DEBUG_INFORMATION_FORMAT = "dwarf-with-dsym";
				ENABLE_NS_ASSERTIONS = NO;
				ENABLE_STRICT_OBJC_MSGSEND = YES;
				GCC_C_LANGUAGE_STANDARD = gnu11;
				GCC_NO_COMMON_BLOCKS = YES;
				GCC_WARN_64_TO_32_BIT_CONVERSION = YES;
				GCC_WARN_ABOUT_RETURN_TYPE = YES_ERROR;
				GCC_WARN_UNDECLARED_SELECTOR = YES;
				GCC_WARN_UNINITIALIZED_AUTOS = YES_AGGRESSIVE;
				GCC_WARN_UNUSED_FUNCTION = YES;
				GCC_WARN_UNUSED_VARIABLE = YES;
				IPHONEOS_DEPLOYMENT_TARGET = 11.2;
				MTL_ENABLE_DEBUG_INFO = NO;
				SDKROOT = iphoneos;
				SWIFT_OPTIMIZATION_LEVEL = "-Owholemodule";
				VALIDATE_PRODUCT = YES;
			};
			name = Release;
		};
		F0118E072060A86F000C199C /* Debug */ = {
			isa = XCBuildConfiguration;
			buildSettings = {
				ASSETCATALOG_COMPILER_APPICON_NAME = AppIcon;
				CODE_SIGN_STYLE = Automatic;
				DEVELOPMENT_TEAM = 463QXHC5CA;
				INFOPLIST_FILE = GitUseExample/Info.plist;
				LD_RUNPATH_SEARCH_PATHS = "$(inherited) @executable_path/Frameworks";
				PRODUCT_BUNDLE_IDENTIFIER = com.draylsoftware.GitUseExample;
				PRODUCT_NAME = "$(TARGET_NAME)";
				SWIFT_VERSION = 4.0;
				TARGETED_DEVICE_FAMILY = "1,2";
			};
			name = Debug;
		};
		F0118E082060A86F000C199C /* Release */ = {
			isa = XCBuildConfiguration;
			buildSettings = {
				ASSETCATALOG_COMPILER_APPICON_NAME = AppIcon;
				CODE_SIGN_STYLE = Automatic;
				DEVELOPMENT_TEAM = 463QXHC5CA;
				INFOPLIST_FILE = GitUseExample/Info.plist;
				LD_RUNPATH_SEARCH_PATHS = "$(inherited) @executable_path/Frameworks";
				PRODUCT_BUNDLE_IDENTIFIER = com.draylsoftware.GitUseExample;
				PRODUCT_NAME = "$(TARGET_NAME)";
				SWIFT_VERSION = 4.0;
				TARGETED_DEVICE_FAMILY = "1,2";
			};
			name = Release;
		};
/* End XCBuildConfiguration section */

/* Begin XCConfigurationList section */
		F0118DEF2060A86F000C199C /* Build configuration list for PBXProject "GitUseExample" */ = {
			isa = XCConfigurationList;
			buildConfigurations = (
				F0118E042060A86F000C199C /* Debug */,
				F0118E052060A86F000C199C /* Release */,
			);
			defaultConfigurationIsVisible = 0;
			defaultConfigurationName = Release;
		};
		F0118E062060A86F000C199C /* Build configuration list for PBXNativeTarget "GitUseExample" */ = {
			isa = XCConfigurationList;
			buildConfigurations = (
				F0118E072060A86F000C199C /* Debug */,
				F0118E082060A86F000C199C /* Release */,
			);
			defaultConfigurationIsVisible = 0;
			defaultConfigurationName = Release;
		};
/* End XCConfigurationList section */
	};
	rootObject = F0118DEC2060A86F000C199C /* Project object */;
}
